
Microsoft Visual Studio Solution File, Format Version 12.00
# Visual Studio Version 17
VisualStudioVersion = 17.8.34322.80
MinimumVisualStudioVersion = 10.0.40219.1
Project("{FAE04EC0-301F-11D3-BF4B-00C04F79EFBC}") = "Rectangle", "labara3\Rectangle.csproj", "{D72C07FC-1177-4F56-A5D4-7B962DC5A9CC}"
EndProject
Project("{FAE04EC0-301F-11D3-BF4B-00C04F79EFBC}") = "PointFigure", "labara3.1\PointFigure.csproj", "{AD7F262B-6272-4C5A-AB3E-9B0A2775EF29}"
EndProject
Global
	GlobalSection(SolutionConfigurationPlatforms) = preSolution
		Debug|Any CPU = Debug|Any CPU
		Release|Any CPU = Release|Any CPU
	EndGlobalSection
	GlobalSection(ProjectConfigurationPlatforms) = postSolution
		{D72C07FC-1177-4F56-A5D4-7B962DC5A9CC}.Debug|Any CPU.ActiveCfg = Debug|Any CPU
		{D72C07FC-1177-4F56-A5D4-7B962DC5A9CC}.Debug|Any CPU.Build.0 = Debug|Any CPU
		{D72C07FC-1177-4F56-A5D4-7B962DC5A9CC}.Release|Any CPU.ActiveCfg = Release|Any CPU
		{D72C07FC-1177-4F56-A5D4-7B962DC5A9CC}.Release|Any CPU.Build.0 = Release|Any CPU
		{AD7F262B-6272-4C5A-AB3E-9B0A2775EF29}.Debug|Any CPU.ActiveCfg = Debug|Any CPU
		{AD7F262B-6272-4C5A-AB3E-9B0A2775EF29}.Debug|Any CPU.Build.0 = Debug|Any CPU
		{AD7F262B-6272-4C5A-AB3E-9B0A2775EF29}.Release|Any CPU.ActiveCfg = Release|Any CPU
		{AD7F262B-6272-4C5A-AB3E-9B0A2775EF29}.Release|Any CPU.Build.0 = Release|Any CPU
	EndGlobalSection
	GlobalSection(SolutionProperties) = preSolution
		HideSolutionNode = FALSE
	EndGlobalSection
	GlobalSection(ExtensibilityGlobals) = postSolution
		SolutionGuid = {97F2AB31-7C25-4B7C-8A94-9252BC67642B}
	EndGlobalSection
EndGlobal
